// !$*UTF8*$!
{
	archiveVersion = 1;
	classes = {
	};
	objectVersion = 56;
	objects = {

/* Begin PBXBuildFile section */
		FE32D9622A0FCB76001C88FB /* CaffeineApp.swift in Sources */ = {isa = PBXBuildFile; fileRef = FE32D9612A0FCB76001C88FB /* CaffeineApp.swift */; };
		FE32D9642A0FCB76001C88FB /* ContentView.swift in Sources */ = {isa = PBXBuildFile; fileRef = FE32D9632A0FCB76001C88FB /* ContentView.swift */; };
		FE32D9662A0FCB79001C88FB /* Assets.xcassets in Resources */ = {isa = PBXBuildFile; fileRef = FE32D9652A0FCB79001C88FB /* Assets.xcassets */; };
		FE32D9692A0FCB79001C88FB /* Preview Assets.xcassets in Resources */ = {isa = PBXBuildFile; fileRef = FE32D9682A0FCB79001C88FB /* Preview Assets.xcassets */; };
		FE32D9732A0FCC2C001C88FB /* HomeView.swift in Sources */ = {isa = PBXBuildFile; fileRef = FE32D9722A0FCC2C001C88FB /* HomeView.swift */; };
		FE32D9752A0FCC35001C88FB /* AssetSearchView.swift in Sources */ = {isa = PBXBuildFile; fileRef = FE32D9742A0FCC35001C88FB /* AssetSearchView.swift */; };
/* End PBXBuildFile section */

/* Begin PBXFileReference section */
		FE32D95E2A0FCB76001C88FB /* Caffeine.app */ = {isa = PBXFileReference; explicitFileType = wrapper.application; includeInIndex = 0; path = Caffeine.app; sourceTree = BUILT_PRODUCTS_DIR; };
		FE32D9612A0FCB76001C88FB /* CaffeineApp.swift */ = {isa = PBXFileReference; lastKnownFileType = sourcecode.swift; path = CaffeineApp.swift; sourceTree = "<group>"; };
		FE32D9632A0FCB76001C88FB /* ContentView.swift */ = {isa = PBXFileReference; lastKnownFileType = sourcecode.swift; path = ContentView.swift; sourceTree = "<group>"; };
		FE32D9652A0FCB79001C88FB /* Assets.xcassets */ = {isa = PBXFileReference; lastKnownFileType = folder.assetcatalog; path = Assets.xcassets; sourceTree = "<group>"; };
		FE32D9682A0FCB79001C88FB /* Preview Assets.xcassets */ = {isa = PBXFileReference; lastKnownFileType = folder.assetcatalog; path = "Preview Assets.xcassets"; sourceTree = "<group>"; };
		FE32D9722A0FCC2C001C88FB /* HomeView.swift */ = {isa = PBXFileReference; lastKnownFileType = sourcecode.swift; path = HomeView.swift; sourceTree = "<group>"; };
		FE32D9742A0FCC35001C88FB /* AssetSearchView.swift */ = {isa = PBXFileReference; lastKnownFileType = sourcecode.swift; path = AssetSearchView.swift; sourceTree = "<group>"; };
/* End PBXFileReference section */

/* Begin PBXFrameworksBuildPhase section */
		FE32D95B2A0FCB76001C88FB /* Frameworks */ = {
			isa = PBXFrameworksBuildPhase;
			buildActionMask = 2147483647;
			files = (
			);
			runOnlyForDeploymentPostprocessing = 0;
		};
/* End PBXFrameworksBuildPhase section */

/* Begin PBXGroup section */
		FE32D9552A0FCB76001C88FB = {
			isa = PBXGroup;
			children = (
				FE32D9602A0FCB76001C88FB /* Caffeine */,
				FE32D95F2A0FCB76001C88FB /* Products */,
			);
			sourceTree = "<group>";
		};
		FE32D95F2A0FCB76001C88FB /* Products */ = {
			isa = PBXGroup;
			children = (
				FE32D95E2A0FCB76001C88FB /* Caffeine.app */,
			);
			name = Products;
			sourceTree = "<group>";
		};
		FE32D9602A0FCB76001C88FB /* Caffeine */ = {
			isa = PBXGroup;
			children = (
				FE32D9612A0FCB76001C88FB /* CaffeineApp.swift */,
				FE32D9702A0FCBE6001C88FB /* Presentation */,
				FE32D9652A0FCB79001C88FB /* Assets.xcassets */,
				FE32D9672A0FCB79001C88FB /* Preview Content */,
			);
			path = Caffeine;
			sourceTree = "<group>";
		};
		FE32D9672A0FCB79001C88FB /* Preview Content */ = {
			isa = PBXGroup;
			children = (
				FE32D9682A0FCB79001C88FB /* Preview Assets.xcassets */,
			);
			path = "Preview Content";
			sourceTree = "<group>";
		};
		FE32D96F2A0FCBCF001C88FB /* Home */ = {
			isa = PBXGroup;
			children = (
				FE32D9722A0FCC2C001C88FB /* HomeView.swift */,
			);
			path = Home;
			sourceTree = "<group>";
		};
		FE32D9702A0FCBE6001C88FB /* Presentation */ = {
			isa = PBXGroup;
			children = (
				FE32D9632A0FCB76001C88FB /* ContentView.swift */,
				FE32D96F2A0FCBCF001C88FB /* Home */,
				FE32D9712A0FCC0A001C88FB /* AssetSearchView */,
			);
			path = Presentation;
			sourceTree = "<group>";
		};
		FE32D9712A0FCC0A001C88FB /* AssetSearchView */ = {
			isa = PBXGroup;
			children = (
				FE32D9742A0FCC35001C88FB /* AssetSearchView.swift */,
			);
			path = AssetSearchView;
			sourceTree = "<group>";
		};
/* End PBXGroup section */

/* Begin PBXNativeTarget section */
		FE32D95D2A0FCB76001C88FB /* Caffeine */ = {
			isa = PBXNativeTarget;
			buildConfigurationList = FE32D96C2A0FCB79001C88FB /* Build configuration list for PBXNativeTarget "Caffeine" */;
			buildPhases = (
				FE32D95A2A0FCB76001C88FB /* Sources */,
				FE32D95B2A0FCB76001C88FB /* Frameworks */,
				FE32D95C2A0FCB76001C88FB /* Resources */,
			);
			buildRules = (
			);
			dependencies = (
			);
			name = Caffeine;
			productName = Caffeine;
			productReference = FE32D95E2A0FCB76001C88FB /* Caffeine.app */;
			productType = "com.apple.product-type.application";
		};
/* End PBXNativeTarget section */

/* Begin PBXProject section */
		FE32D9562A0FCB76001C88FB /* Project object */ = {
			isa = PBXProject;
			attributes = {
				BuildIndependentTargetsInParallel = 1;
				LastSwiftUpdateCheck = 1420;
				LastUpgradeCheck = 1420;
				TargetAttributes = {
					FE32D95D2A0FCB76001C88FB = {
						CreatedOnToolsVersion = 14.2;
					};
				};
			};
			buildConfigurationList = FE32D9592A0FCB76001C88FB /* Build configuration list for PBXProject "Caffeine" */;
			compatibilityVersion = "Xcode 14.0";
			developmentRegion = en;
			hasScannedForEncodings = 0;
			knownRegions = (
				en,
				Base,
			);
			mainGroup = FE32D9552A0FCB76001C88FB;
			productRefGroup = FE32D95F2A0FCB76001C88FB /* Products */;
			projectDirPath = "";
			projectRoot = "";
			targets = (
				FE32D95D2A0FCB76001C88FB /* Caffeine */,
			);
		};
/* End PBXProject section */

/* Begin PBXResourcesBuildPhase section */
		FE32D95C2A0FCB76001C88FB /* Resources */ = {
			isa = PBXResourcesBuildPhase;
			buildActionMask = 2147483647;
			files = (
				FE32D9692A0FCB79001C88FB /* Preview Assets.xcassets in Resources */,
				FE32D9662A0FCB79001C88FB /* Assets.xcassets in Resources */,
			);
			runOnlyForDeploymentPostprocessing = 0;
		};
/* End PBXResourcesBuildPhase section */

/* Begin PBXSourcesBuildPhase section */
		FE32D95A2A0FCB76001C88FB /* Sources */ = {
			isa = PBXSourcesBuildPhase;
			buildActionMask = 2147483647;
			files = (
				FE32D9732A0FCC2C001C88FB /* HomeView.swift in Sources */,
				FE32D9752A0FCC35001C88FB /* AssetSearchView.swift in Sources */,
				FE32D9642A0FCB76001C88FB /* ContentView.swift in Sources */,
				FE32D9622A0FCB76001C88FB /* CaffeineApp.swift in Sources */,
			);
			runOnlyForDeploymentPostprocessing = 0;
		};
/* End PBXSourcesBuildPhase section */

/* Begin XCBuildConfiguration section */
		FE32D96A2A0FCB79001C88FB /* Debug */ = {
			isa = XCBuildConfiguration;
			buildSettings = {
				ALWAYS_SEARCH_USER_PATHS = NO;
				CLANG_ANALYZER_NONNULL = YES;
				CLANG_ANALYZER_NUMBER_OBJECT_CONVERSION = YES_AGGRESSIVE;
				CLANG_CXX_LANGUAGE_STANDARD = "gnu++20";
				CLANG_ENABLE_MODULES = YES;
				CLANG_ENABLE_OBJC_ARC = YES;
				CLANG_ENABLE_OBJC_WEAK = YES;
				CLANG_WARN_BLOCK_CAPTURE_AUTORELEASING = YES;
				CLANG_WARN_BOOL_CONVERSION = YES;
				CLANG_WARN_COMMA = YES;
				CLANG_WARN_CONSTANT_CONVERSION = YES;
				CLANG_WARN_DEPRECATED_OBJC_IMPLEMENTATIONS = YES;
				CLANG_WARN_DIRECT_OBJC_ISA_USAGE = YES_ERROR;
				CLANG_WARN_DOCUMENTATION_COMMENTS = YES;
				CLANG_WARN_EMPTY_BODY = YES;
				CLANG_WARN_ENUM_CONVERSION = YES;
				CLANG_WARN_INFINITE_RECURSION = YES;
				CLANG_WARN_INT_CONVERSION = YES;
				CLANG_WARN_NON_LITERAL_NULL_CONVERSION = YES;
				CLANG_WARN_OBJC_IMPLICIT_RETAIN_SELF = YES;
				CLANG_WARN_OBJC_LITERAL_CONVERSION = YES;
				CLANG_WARN_OBJC_ROOT_CLASS = YES_ERROR;
				CLANG_WARN_QUOTED_INCLUDE_IN_FRAMEWORK_HEADER = YES;
				CLANG_WARN_RANGE_LOOP_ANALYSIS = YES;
				CLANG_WARN_STRICT_PROTOTYPES = YES;
				CLANG_WARN_SUSPICIOUS_MOVE = YES;
				CLANG_WARN_UNGUARDED_AVAILABILITY = YES_AGGRESSIVE;
				CLANG_WARN_UNREACHABLE_CODE = YES;
				CLANG_WARN__DUPLICATE_METHOD_MATCH = YES;
				COPY_PHASE_STRIP = NO;
				DEBUG_INFORMATION_FORMAT = dwarf;
				ENABLE_STRICT_OBJC_MSGSEND = YES;
				ENABLE_TESTABILITY = YES;
				GCC_C_LANGUAGE_STANDARD = gnu11;
				GCC_DYNAMIC_NO_PIC = NO;
				GCC_NO_COMMON_BLOCKS = YES;
				GCC_OPTIMIZATION_LEVEL = 0;
				GCC_PREPROCESSOR_DEFINITIONS = (
					"DEBUG=1",
					"$(inherited)",
				);
				GCC_WARN_64_TO_32_BIT_CONVERSION = YES;
				GCC_WARN_ABOUT_RETURN_TYPE = YES_ERROR;
				GCC_WARN_UNDECLARED_SELECTOR = YES;
				GCC_WARN_UNINITIALIZED_AUTOS = YES_AGGRESSIVE;
				GCC_WARN_UNUSED_FUNCTION = YES;
				GCC_WARN_UNUSED_VARIABLE = YES;
				IPHONEOS_DEPLOYMENT_TARGET = 16.2;
				MTL_ENABLE_DEBUG_INFO = INCLUDE_SOURCE;
				MTL_FAST_MATH = YES;
				ONLY_ACTIVE_ARCH = YES;
				SDKROOT = iphoneos;
				SWIFT_ACTIVE_COMPILATION_CONDITIONS = DEBUG;
				SWIFT_OPTIMIZATION_LEVEL = "-Onone";
			};
			name = Debug;
		};
		FE32D96B2A0FCB79001C88FB /* Release */ = {
			isa = XCBuildConfiguration;
			buildSettings = {
				ALWAYS_SEARCH_USER_PATHS = NO;
				CLANG_ANALYZER_NONNULL = YES;
				CLANG_ANALYZER_NUMBER_OBJECT_CONVERSION = YES_AGGRESSIVE;
				CLANG_CXX_LANGUAGE_STANDARD = "gnu++20";
				CLANG_ENABLE_MODULES = YES;
				CLANG_ENABLE_OBJC_ARC = YES;
				CLANG_ENABLE_OBJC_WEAK = YES;
				CLANG_WARN_BLOCK_CAPTURE_AUTORELEASING = YES;
				CLANG_WARN_BOOL_CONVERSION = YES;
				CLANG_WARN_COMMA = YES;
				CLANG_WARN_CONSTANT_CONVERSION = YES;
				CLANG_WARN_DEPRECATED_OBJC_IMPLEMENTATIONS = YES;
				CLANG_WARN_DIRECT_OBJC_ISA_USAGE = YES_ERROR;
				CLANG_WARN_DOCUMENTATION_COMMENTS = YES;
				CLANG_WARN_EMPTY_BODY = YES;
				CLANG_WARN_ENUM_CONVERSION = YES;
				CLANG_WARN_INFINITE_RECURSION = YES;
				CLANG_WARN_INT_CONVERSION = YES;
				CLANG_WARN_NON_LITERAL_NULL_CONVERSION = YES;
				CLANG_WARN_OBJC_IMPLICIT_RETAIN_SELF = YES;
				CLANG_WARN_OBJC_LITERAL_CONVERSION = YES;
				CLANG_WARN_OBJC_ROOT_CLASS = YES_ERROR;
				CLANG_WARN_QUOTED_INCLUDE_IN_FRAMEWORK_HEADER = YES;
				CLANG_WARN_RANGE_LOOP_ANALYSIS = YES;
				CLANG_WARN_STRICT_PROTOTYPES = YES;
				CLANG_WARN_SUSPICIOUS_MOVE = YES;
				CLANG_WARN_UNGUARDED_AVAILABILITY = YES_AGGRESSIVE;
				CLANG_WARN_UNREACHABLE_CODE = YES;
				CLANG_WARN__DUPLICATE_METHOD_MATCH = YES;
				COPY_PHASE_STRIP = NO;
				DEBUG_INFORMATION_FORMAT = "dwarf-with-dsym";
				ENABLE_NS_ASSERTIONS = NO;
				ENABLE_STRICT_OBJC_MSGSEND = YES;
				GCC_C_LANGUAGE_STANDARD = gnu11;
				GCC_NO_COMMON_BLOCKS = YES;
				GCC_WARN_64_TO_32_BIT_CONVERSION = YES;
				GCC_WARN_ABOUT_RETURN_TYPE = YES_ERROR;
				GCC_WARN_UNDECLARED_SELECTOR = YES;
				GCC_WARN_UNINITIALIZED_AUTOS = YES_AGGRESSIVE;
				GCC_WARN_UNUSED_FUNCTION = YES;
				GCC_WARN_UNUSED_VARIABLE = YES;
				IPHONEOS_DEPLOYMENT_TARGET = 16.2;
				MTL_ENABLE_DEBUG_INFO = NO;
				MTL_FAST_MATH = YES;
				SDKROOT = iphoneos;
				SWIFT_COMPILATION_MODE = wholemodule;
				SWIFT_OPTIMIZATION_LEVEL = "-O";
				VALIDATE_PRODUCT = YES;
			};
			name = Release;
		};
		FE32D96D2A0FCB79001C88FB /* Debug */ = {
			isa = XCBuildConfiguration;
			buildSettings = {
				ASSETCATALOG_COMPILER_APPICON_NAME = AppIcon;
				ASSETCATALOG_COMPILER_GLOBAL_ACCENT_COLOR_NAME = AccentColor;
				CODE_SIGN_STYLE = Automatic;
				CURRENT_PROJECT_VERSION = 1;
				DEVELOPMENT_ASSET_PATHS = "\"Caffeine/Preview Content\"";
				DEVELOPMENT_TEAM = NNJ9X2K872;
				ENABLE_PREVIEWS = YES;
				GENERATE_INFOPLIST_FILE = YES;
				INFOPLIST_KEY_UIApplicationSceneManifest_Generation = YES;
				INFOPLIST_KEY_UIApplicationSupportsIndirectInputEvents = YES;
				INFOPLIST_KEY_UILaunchScreen_Generation = YES;
				INFOPLIST_KEY_UISupportedInterfaceOrientations_iPad = "UIInterfaceOrientationPortrait UIInterfaceOrientationPortraitUpsideDown UIInterfaceOrientationLandscapeLeft UIInterfaceOrientationLandscapeRight";
				INFOPLIST_KEY_UISupportedInterfaceOrientations_iPhone = "UIInterfaceOrientationPortrait UIInterfaceOrientationLandscapeLeft UIInterfaceOrientationLandscapeRight";
				IPHONEOS_DEPLOYMENT_TARGET = 16.0;
				LD_RUNPATH_SEARCH_PATHS = (
					"$(inherited)",
					"@executable_path/Frameworks",
				);
				MARKETING_VERSION = 1.0;
				PRODUCT_BUNDLE_IDENTIFIER = com.caffeine.Caffeine;
				PRODUCT_NAME = "$(TARGET_NAME)";
				SWIFT_EMIT_LOC_STRINGS = YES;
				SWIFT_VERSION = 5.0;
				TARGETED_DEVICE_FAMILY = "1,2";
			};
			name = Debug;
		};
		FE32D96E2A0FCB79001C88FB /* Release */ = {
			isa = XCBuildConfiguration;
			buildSettings = {
				ASSETCATALOG_COMPILER_APPICON_NAME = AppIcon;
				ASSETCATALOG_COMPILER_GLOBAL_ACCENT_COLOR_NAME = AccentColor;
				CODE_SIGN_STYLE = Automatic;
				CURRENT_PROJECT_VERSION = 1;
				DEVELOPMENT_ASSET_PATHS = "\"Caffeine/Preview Content\"";
				DEVELOPMENT_TEAM = NNJ9X2K872;
				ENABLE_PREVIEWS = YES;
				GENERATE_INFOPLIST_FILE = YES;
				INFOPLIST_KEY_UIApplicationSceneManifest_Generation = YES;
				INFOPLIST_KEY_UIApplicationSupportsIndirectInputEvents = YES;
				INFOPLIST_KEY_UILaunchScreen_Generation = YES;
				INFOPLIST_KEY_UISupportedInterfaceOrientations_iPad = "UIInterfaceOrientationPortrait UIInterfaceOrientationPortraitUpsideDown UIInterfaceOrientationLandscapeLeft UIInterfaceOrientationLandscapeRight";
				INFOPLIST_KEY_UISupportedInterfaceOrientations_iPhone = "UIInterfaceOrientationPortrait UIInterfaceOrientationLandscapeLeft UIInterfaceOrientationLandscapeRight";
				IPHONEOS_DEPLOYMENT_TARGET = 16.0;
				LD_RUNPATH_SEARCH_PATHS = (
					"$(inherited)",
					"@executable_path/Frameworks",
				);
				MARKETING_VERSION = 1.0;
				PRODUCT_BUNDLE_IDENTIFIER = com.caffeine.Caffeine;
				PRODUCT_NAME = "$(TARGET_NAME)";
				SWIFT_EMIT_LOC_STRINGS = YES;
				SWIFT_VERSION = 5.0;
				TARGETED_DEVICE_FAMILY = "1,2";
			};
			name = Release;
		};
/* End XCBuildConfiguration section */

/* Begin XCConfigurationList section */
		FE32D9592A0FCB76001C88FB /* Build configuration list for PBXProject "Caffeine" */ = {
			isa = XCConfigurationList;
			buildConfigurations = (
				FE32D96A2A0FCB79001C88FB /* Debug */,
				FE32D96B2A0FCB79001C88FB /* Release */,
			);
			defaultConfigurationIsVisible = 0;
			defaultConfigurationName = Release;
		};
		FE32D96C2A0FCB79001C88FB /* Build configuration list for PBXNativeTarget "Caffeine" */ = {
			isa = XCConfigurationList;
			buildConfigurations = (
				FE32D96D2A0FCB79001C88FB /* Debug */,
				FE32D96E2A0FCB79001C88FB /* Release */,
			);
			defaultConfigurationIsVisible = 0;
			defaultConfigurationName = Release;
		};
/* End XCConfigurationList section */
	};
	rootObject = FE32D9562A0FCB76001C88FB /* Project object */;
}
